// !$*UTF8*$!
{
	archiveVersion = 1;
	classes = {
	};
	objectVersion = 46;
	objects = {

/* Begin PBXBuildFile section */
		87245A1D1CACADBF00354D29 /* TimestampTableViewCell.swift in Sources */ = {isa = PBXBuildFile; fileRef = 87245A1C1CACADBF00354D29 /* TimestampTableViewCell.swift */; };
		87245A1F1CACAF3100354D29 /* TableViewController.swift in Sources */ = {isa = PBXBuildFile; fileRef = 87245A1E1CACAF3100354D29 /* TableViewController.swift */; };
		878B2A451CA5DDFE0077C290 /* AppDelegate.swift in Sources */ = {isa = PBXBuildFile; fileRef = 878B2A441CA5DDFE0077C290 /* AppDelegate.swift */; };
		878B2A471CA5DDFE0077C290 /* ViewController.swift in Sources */ = {isa = PBXBuildFile; fileRef = 878B2A461CA5DDFE0077C290 /* ViewController.swift */; };
		878B2A4A1CA5DDFE0077C290 /* Main.storyboard in Resources */ = {isa = PBXBuildFile; fileRef = 878B2A481CA5DDFE0077C290 /* Main.storyboard */; };
		878B2A4C1CA5DDFE0077C290 /* Assets.xcassets in Resources */ = {isa = PBXBuildFile; fileRef = 878B2A4B1CA5DDFE0077C290 /* Assets.xcassets */; };
		878B2A4F1CA5DDFE0077C290 /* LaunchScreen.storyboard in Resources */ = {isa = PBXBuildFile; fileRef = 878B2A4D1CA5DDFE0077C290 /* LaunchScreen.storyboard */; };
		878B2A571CA5E2B20077C290 /* TimeStamp.swift in Sources */ = {isa = PBXBuildFile; fileRef = 878B2A561CA5E2B20077C290 /* TimeStamp.swift */; };
		878B2A591CA5E4BA0077C290 /* Data.swift in Sources */ = {isa = PBXBuildFile; fileRef = 878B2A581CA5E4BA0077C290 /* Data.swift */; };
		87AAE8541CACCA1E00A5545D /* AddTimestampViewController.swift in Sources */ = {isa = PBXBuildFile; fileRef = 87AAE8531CACCA1E00A5545D /* AddTimestampViewController.swift */; };
		87AAE8561CACD5B100A5545D /* FileAccess.swift in Sources */ = {isa = PBXBuildFile; fileRef = 87AAE8551CACD5B100A5545D /* FileAccess.swift */; };
/* End PBXBuildFile section */

/* Begin PBXFileReference section */
		87245A1C1CACADBF00354D29 /* TimestampTableViewCell.swift */ = {isa = PBXFileReference; fileEncoding = 4; lastKnownFileType = sourcecode.swift; path = TimestampTableViewCell.swift; sourceTree = "<group>"; };
		87245A1E1CACAF3100354D29 /* TableViewController.swift */ = {isa = PBXFileReference; fileEncoding = 4; lastKnownFileType = sourcecode.swift; path = TableViewController.swift; sourceTree = "<group>"; };
		878B2A411CA5DDFE0077C290 /* Timestamp.app */ = {isa = PBXFileReference; explicitFileType = wrapper.application; includeInIndex = 0; path = Timestamp.app; sourceTree = BUILT_PRODUCTS_DIR; };
		878B2A441CA5DDFE0077C290 /* AppDelegate.swift */ = {isa = PBXFileReference; lastKnownFileType = sourcecode.swift; path = AppDelegate.swift; sourceTree = "<group>"; };
		878B2A461CA5DDFE0077C290 /* ViewController.swift */ = {isa = PBXFileReference; lastKnownFileType = sourcecode.swift; path = ViewController.swift; sourceTree = "<group>"; };
		878B2A491CA5DDFE0077C290 /* Base */ = {isa = PBXFileReference; lastKnownFileType = file.storyboard; name = Base; path = Base.lproj/Main.storyboard; sourceTree = "<group>"; };
		878B2A4B1CA5DDFE0077C290 /* Assets.xcassets */ = {isa = PBXFileReference; lastKnownFileType = folder.assetcatalog; path = Assets.xcassets; sourceTree = "<group>"; };
		878B2A4E1CA5DDFE0077C290 /* Base */ = {isa = PBXFileReference; lastKnownFileType = file.storyboard; name = Base; path = Base.lproj/LaunchScreen.storyboard; sourceTree = "<group>"; };
		878B2A501CA5DDFE0077C290 /* Info.plist */ = {isa = PBXFileReference; lastKnownFileType = text.plist.xml; path = Info.plist; sourceTree = "<group>"; };
		878B2A561CA5E2B20077C290 /* TimeStamp.swift */ = {isa = PBXFileReference; fileEncoding = 4; lastKnownFileType = sourcecode.swift; path = TimeStamp.swift; sourceTree = "<group>"; };
		878B2A581CA5E4BA0077C290 /* Data.swift */ = {isa = PBXFileReference; fileEncoding = 4; lastKnownFileType = sourcecode.swift; path = Data.swift; sourceTree = "<group>"; };
		87AAE8531CACCA1E00A5545D /* AddTimestampViewController.swift */ = {isa = PBXFileReference; fileEncoding = 4; lastKnownFileType = sourcecode.swift; path = AddTimestampViewController.swift; sourceTree = "<group>"; };
		87AAE8551CACD5B100A5545D /* FileAccess.swift */ = {isa = PBXFileReference; fileEncoding = 4; lastKnownFileType = sourcecode.swift; path = FileAccess.swift; sourceTree = "<group>"; };
/* End PBXFileReference section */

/* Begin PBXFrameworksBuildPhase section */
		878B2A3E1CA5DDFE0077C290 /* Frameworks */ = {
			isa = PBXFrameworksBuildPhase;
			buildActionMask = 2147483647;
			files = (
			);
			runOnlyForDeploymentPostprocessing = 0;
		};
/* End PBXFrameworksBuildPhase section */

/* Begin PBXGroup section */
		878B2A381CA5DDFE0077C290 = {
			isa = PBXGroup;
			children = (
				878B2A431CA5DDFE0077C290 /* Timestamp */,
				878B2A421CA5DDFE0077C290 /* Products */,
			);
			sourceTree = "<group>";
		};
		878B2A421CA5DDFE0077C290 /* Products */ = {
			isa = PBXGroup;
			children = (
				878B2A411CA5DDFE0077C290 /* Timestamp.app */,
			);
			name = Products;
			sourceTree = "<group>";
		};
		878B2A431CA5DDFE0077C290 /* Timestamp */ = {
			isa = PBXGroup;
			children = (
				878B2A441CA5DDFE0077C290 /* AppDelegate.swift */,
				878B2A461CA5DDFE0077C290 /* ViewController.swift */,
				878B2A481CA5DDFE0077C290 /* Main.storyboard */,
				87245A1C1CACADBF00354D29 /* TimestampTableViewCell.swift */,
				87245A1E1CACAF3100354D29 /* TableViewController.swift */,
				878B2A4B1CA5DDFE0077C290 /* Assets.xcassets */,
				878B2A4D1CA5DDFE0077C290 /* LaunchScreen.storyboard */,
				878B2A501CA5DDFE0077C290 /* Info.plist */,
				878B2A561CA5E2B20077C290 /* TimeStamp.swift */,
				87AAE8531CACCA1E00A5545D /* AddTimestampViewController.swift */,
				878B2A581CA5E4BA0077C290 /* Data.swift */,
				87AAE8551CACD5B100A5545D /* FileAccess.swift */,
			);
			name = Timestamp;
			path = ExcelDataExport;
			sourceTree = "<group>";
		};
/* End PBXGroup section */

/* Begin PBXNativeTarget section */
		878B2A401CA5DDFE0077C290 /* Timestamp */ = {
			isa = PBXNativeTarget;
			buildConfigurationList = 878B2A531CA5DDFE0077C290 /* Build configuration list for PBXNativeTarget "Timestamp" */;
			buildPhases = (
				878B2A3D1CA5DDFE0077C290 /* Sources */,
				878B2A3E1CA5DDFE0077C290 /* Frameworks */,
				878B2A3F1CA5DDFE0077C290 /* Resources */,
			);
			buildRules = (
			);
			dependencies = (
			);
			name = Timestamp;
			productName = ExcelDataExport;
			productReference = 878B2A411CA5DDFE0077C290 /* Timestamp.app */;
			productType = "com.apple.product-type.application";
		};
/* End PBXNativeTarget section */

/* Begin PBXProject section */
		878B2A391CA5DDFE0077C290 /* Project object */ = {
			isa = PBXProject;
			attributes = {
				LastSwiftUpdateCheck = 0730;
				LastUpgradeCheck = 0730;
				ORGANIZATIONNAME = "Dylan Wight";
				TargetAttributes = {
					878B2A401CA5DDFE0077C290 = {
						CreatedOnToolsVersion = 7.3;
						DevelopmentTeam = RQ5HD8UR84;
					};
				};
			};
			buildConfigurationList = 878B2A3C1CA5DDFE0077C290 /* Build configuration list for PBXProject "Timestamp" */;
			compatibilityVersion = "Xcode 3.2";
			developmentRegion = English;
			hasScannedForEncodings = 0;
			knownRegions = (
				en,
				Base,
			);
			mainGroup = 878B2A381CA5DDFE0077C290;
			productRefGroup = 878B2A421CA5DDFE0077C290 /* Products */;
			projectDirPath = "";
			projectRoot = "";
			targets = (
				878B2A401CA5DDFE0077C290 /* Timestamp */,
			);
		};
/* End PBXProject section */

/* Begin PBXResourcesBuildPhase section */
		878B2A3F1CA5DDFE0077C290 /* Resources */ = {
			isa = PBXResourcesBuildPhase;
			buildActionMask = 2147483647;
			files = (
				878B2A4F1CA5DDFE0077C290 /* LaunchScreen.storyboard in Resources */,
				878B2A4C1CA5DDFE0077C290 /* Assets.xcassets in Resources */,
				878B2A4A1CA5DDFE0077C290 /* Main.storyboard in Resources */,
			);
			runOnlyForDeploymentPostprocessing = 0;
		};
/* End PBXResourcesBuildPhase section */

/* Begin PBXSourcesBuildPhase section */
		878B2A3D1CA5DDFE0077C290 /* Sources */ = {
			isa = PBXSourcesBuildPhase;
			buildActionMask = 2147483647;
			files = (
				87AAE8541CACCA1E00A5545D /* AddTimestampViewController.swift in Sources */,
				878B2A471CA5DDFE0077C290 /* ViewController.swift in Sources */,
				87245A1F1CACAF3100354D29 /* TableViewController.swift in Sources */,
				878B2A451CA5DDFE0077C290 /* AppDelegate.swift in Sources */,
				878B2A571CA5E2B20077C290 /* TimeStamp.swift in Sources */,
				87AAE8561CACD5B100A5545D /* FileAccess.swift in Sources */,
				87245A1D1CACADBF00354D29 /* TimestampTableViewCell.swift in Sources */,
				878B2A591CA5E4BA0077C290 /* Data.swift in Sources */,
			);
			runOnlyForDeploymentPostprocessing = 0;
		};
/* End PBXSourcesBuildPhase section */

/* Begin PBXVariantGroup section */
		878B2A481CA5DDFE0077C290 /* Main.storyboard */ = {
			isa = PBXVariantGroup;
			children = (
				878B2A491CA5DDFE0077C290 /* Base */,
			);
			name = Main.storyboard;
			sourceTree = "<group>";
		};
		878B2A4D1CA5DDFE0077C290 /* LaunchScreen.storyboard */ = {
			isa = PBXVariantGroup;
			children = (
				878B2A4E1CA5DDFE0077C290 /* Base */,
			);
			name = LaunchScreen.storyboard;
			sourceTree = "<group>";
		};
/* End PBXVariantGroup section */

/* Begin XCBuildConfiguration section */
		878B2A511CA5DDFE0077C290 /* Debug */ = {
			isa = XCBuildConfiguration;
			buildSettings = {
				ALWAYS_SEARCH_USER_PATHS = NO;
				CLANG_ANALYZER_NONNULL = YES;
				CLANG_CXX_LANGUAGE_STANDARD = "gnu++0x";
				CLANG_CXX_LIBRARY = "libc++";
				CLANG_ENABLE_MODULES = YES;
				CLANG_ENABLE_OBJC_ARC = YES;
				CLANG_WARN_BOOL_CONVERSION = YES;
				CLANG_WARN_CONSTANT_CONVERSION = YES;
				CLANG_WARN_DIRECT_OBJC_ISA_USAGE = YES_ERROR;
				CLANG_WARN_EMPTY_BODY = YES;
				CLANG_WARN_ENUM_CONVERSION = YES;
				CLANG_WARN_INT_CONVERSION = YES;
				CLANG_WARN_OBJC_ROOT_CLASS = YES_ERROR;
				CLANG_WARN_UNREACHABLE_CODE = YES;
				CLANG_WARN__DUPLICATE_METHOD_MATCH = YES;
				"CODE_SIGN_IDENTITY[sdk=iphoneos*]" = "iPhone Developer";
				COPY_PHASE_STRIP = NO;
				DEBUG_INFORMATION_FORMAT = dwarf;
				ENABLE_STRICT_OBJC_MSGSEND = YES;
				ENABLE_TESTABILITY = YES;
				GCC_C_LANGUAGE_STANDARD = gnu99;
				GCC_DYNAMIC_NO_PIC = NO;
				GCC_NO_COMMON_BLOCKS = YES;
				GCC_OPTIMIZATION_LEVEL = 0;
				GCC_PREPROCESSOR_DEFINITIONS = (
					"DEBUG=1",
					"$(inherited)",
				);
				GCC_WARN_64_TO_32_BIT_CONVERSION = YES;
				GCC_WARN_ABOUT_RETURN_TYPE = YES_ERROR;
				GCC_WARN_UNDECLARED_SELECTOR = YES;
				GCC_WARN_UNINITIALIZED_AUTOS = YES_AGGRESSIVE;
				GCC_WARN_UNUSED_FUNCTION = YES;
				GCC_WARN_UNUSED_VARIABLE = YES;
				IPHONEOS_DEPLOYMENT_TARGET = 9.3;
				MTL_ENABLE_DEBUG_INFO = YES;
				ONLY_ACTIVE_ARCH = YES;
				SDKROOT = iphoneos;
				SWIFT_OPTIMIZATION_LEVEL = "-Onone";
				TARGETED_DEVICE_FAMILY = "1,2";
			};
			name = Debug;
		};
		878B2A521CA5DDFE0077C290 /* Release */ = {
			isa = XCBuildConfiguration;
			buildSettings = {
				ALWAYS_SEARCH_USER_PATHS = NO;
				CLANG_ANALYZER_NONNULL = YES;
				CLANG_CXX_LANGUAGE_STANDARD = "gnu++0x";
				CLANG_CXX_LIBRARY = "libc++";
				CLANG_ENABLE_MODULES = YES;
				CLANG_ENABLE_OBJC_ARC = YES;
				CLANG_WARN_BOOL_CONVERSION = YES;
				CLANG_WARN_CONSTANT_CONVERSION = YES;
				CLANG_WARN_DIRECT_OBJC_ISA_USAGE = YES_ERROR;
				CLANG_WARN_EMPTY_BODY = YES;
				CLANG_WARN_ENUM_CONVERSION = YES;
				CLANG_WARN_INT_CONVERSION = YES;
				CLANG_WARN_OBJC_ROOT_CLASS = YES_ERROR;
				CLANG_WARN_UNREACHABLE_CODE = YES;
				CLANG_WARN__DUPLICATE_METHOD_MATCH = YES;
				"CODE_SIGN_IDENTITY[sdk=iphoneos*]" = "iPhone Developer";
				COPY_PHASE_STRIP = NO;
				DEBUG_INFORMATION_FORMAT = "dwarf-with-dsym";
				ENABLE_NS_ASSERTIONS = NO;
				ENABLE_STRICT_OBJC_MSGSEND = YES;
				GCC_C_LANGUAGE_STANDARD = gnu99;
				GCC_NO_COMMON_BLOCKS = YES;
				GCC_WARN_64_TO_32_BIT_CONVERSION = YES;
				GCC_WARN_ABOUT_RETURN_TYPE = YES_ERROR;
				GCC_WARN_UNDECLARED_SELECTOR = YES;
				GCC_WARN_UNINITIALIZED_AUTOS = YES_AGGRESSIVE;
				GCC_WARN_UNUSED_FUNCTION = YES;
				GCC_WARN_UNUSED_VARIABLE = YES;
				IPHONEOS_DEPLOYMENT_TARGET = 9.3;
				MTL_ENABLE_DEBUG_INFO = NO;
				SDKROOT = iphoneos;
				TARGETED_DEVICE_FAMILY = "1,2";
				VALIDATE_PRODUCT = YES;
			};
			name = Release;
		};
		878B2A541CA5DDFE0077C290 /* Debug */ = {
			isa = XCBuildConfiguration;
			buildSettings = {
				ASSETCATALOG_COMPILER_APPICON_NAME = AppIcon;
				CODE_SIGN_IDENTITY = "iPhone Developer";
				"CODE_SIGN_IDENTITY[sdk=iphoneos*]" = "iPhone Developer";
				INFOPLIST_FILE = ExcelDataExport/Info.plist;
				IPHONEOS_DEPLOYMENT_TARGET = 9.0;
				LD_RUNPATH_SEARCH_PATHS = "$(inherited) @executable_path/Frameworks";
				PRODUCT_BUNDLE_IDENTIFIER = patientTimestamper;
				PRODUCT_NAME = Timestamp;
				PROVISIONING_PROFILE = "";
				TARGETED_DEVICE_FAMILY = "1,2";
			};
			name = Debug;
		};
		878B2A551CA5DDFE0077C290 /* Release */ = {
			isa = XCBuildConfiguration;
			buildSettings = {
				ASSETCATALOG_COMPILER_APPICON_NAME = AppIcon;
				CODE_SIGN_IDENTITY = "iPhone Developer";
				"CODE_SIGN_IDENTITY[sdk=iphoneos*]" = "iPhone Developer";
				INFOPLIST_FILE = ExcelDataExport/Info.plist;
				IPHONEOS_DEPLOYMENT_TARGET = 9.0;
				LD_RUNPATH_SEARCH_PATHS = "$(inherited) @executable_path/Frameworks";
				PRODUCT_BUNDLE_IDENTIFIER = patientTimestamper;
				PRODUCT_NAME = Timestamp;
				PROVISIONING_PROFILE = "";
				TARGETED_DEVICE_FAMILY = "1,2";
			};
			name = Release;
		};
/* End XCBuildConfiguration section */

/* Begin XCConfigurationList section */
		878B2A3C1CA5DDFE0077C290 /* Build configuration list for PBXProject "Timestamp" */ = {
			isa = XCConfigurationList;
			buildConfigurations = (
				878B2A511CA5DDFE0077C290 /* Debug */,
				878B2A521CA5DDFE0077C290 /* Release */,
			);
			defaultConfigurationIsVisible = 0;
			defaultConfigurationName = Release;
		};
		878B2A531CA5DDFE0077C290 /* Build configuration list for PBXNativeTarget "Timestamp" */ = {
			isa = XCConfigurationList;
			buildConfigurations = (
				878B2A541CA5DDFE0077C290 /* Debug */,
				878B2A551CA5DDFE0077C290 /* Release */,
			);
			defaultConfigurationIsVisible = 0;
			defaultConfigurationName = Release;
		};
/* End XCConfigurationList section */
	};
	rootObject = 878B2A391CA5DDFE0077C290 /* Project object */;
}
